
Microsoft Visual Studio Solution File, Format Version 12.00
# Visual Studio Version 17
VisualStudioVersion = 17.10.34928.147
MinimumVisualStudioVersion = 10.0.40219.1
Project("{9A19103F-16F7-4668-BE54-9A1E7A4F7556}") = "Socrates", "Socrates\Socrates.csproj", "{CD24EF92-020B-4118-891E-08C1AEB8D9FB}"
EndProject
Project("{9A19103F-16F7-4668-BE54-9A1E7A4F7556}") = "Socrates.Encryption", "Socrates.Encryption\Socrates.Encryption.csproj", "{9E647740-1BD4-474B-A08E-886EB89B004B}"
EndProject
Project("{9A19103F-16F7-4668-BE54-9A1E7A4F7556}") = "Socrates.Tests", "Socrates.Tests\Socrates.Tests.csproj", "{CDDA98E6-9AEB-42AD-9E25-8A957714D333}"
EndProject
Project("{FAE04EC0-301F-11D3-BF4B-00C04F79EFBC}") = "Socrates.Constants", "Socrates.Constants\Socrates.Constants.csproj", "{7D2A206F-87D4-4D18-B960-D739B0D20F8C}"
EndProject
Global
	GlobalSection(SolutionConfigurationPlatforms) = preSolution
		Debug|Any CPU = Debug|Any CPU
		Release|Any CPU = Release|Any CPU
	EndGlobalSection
	GlobalSection(ProjectConfigurationPlatforms) = postSolution
		{CD24EF92-020B-4118-891E-08C1AEB8D9FB}.Debug|Any CPU.ActiveCfg = Debug|Any CPU
		{CD24EF92-020B-4118-891E-08C1AEB8D9FB}.Debug|Any CPU.Build.0 = Debug|Any CPU
		{CD24EF92-020B-4118-891E-08C1AEB8D9FB}.Release|Any CPU.ActiveCfg = Release|Any CPU
		{CD24EF92-020B-4118-891E-08C1AEB8D9FB}.Release|Any CPU.Build.0 = Release|Any CPU
		{9E647740-1BD4-474B-A08E-886EB89B004B}.Debug|Any CPU.ActiveCfg = Debug|Any CPU
		{9E647740-1BD4-474B-A08E-886EB89B004B}.Debug|Any CPU.Build.0 = Debug|Any CPU
		{9E647740-1BD4-474B-A08E-886EB89B004B}.Release|Any CPU.ActiveCfg = Release|Any CPU
		{9E647740-1BD4-474B-A08E-886EB89B004B}.Release|Any CPU.Build.0 = Release|Any CPU
		{CDDA98E6-9AEB-42AD-9E25-8A957714D333}.Debug|Any CPU.ActiveCfg = Debug|Any CPU
		{CDDA98E6-9AEB-42AD-9E25-8A957714D333}.Debug|Any CPU.Build.0 = Debug|Any CPU
		{CDDA98E6-9AEB-42AD-9E25-8A957714D333}.Release|Any CPU.ActiveCfg = Release|Any CPU
		{CDDA98E6-9AEB-42AD-9E25-8A957714D333}.Release|Any CPU.Build.0 = Release|Any CPU
		{7D2A206F-87D4-4D18-B960-D739B0D20F8C}.Debug|Any CPU.ActiveCfg = Debug|Any CPU
		{7D2A206F-87D4-4D18-B960-D739B0D20F8C}.Debug|Any CPU.Build.0 = Debug|Any CPU
		{7D2A206F-87D4-4D18-B960-D739B0D20F8C}.Release|Any CPU.ActiveCfg = Release|Any CPU
		{7D2A206F-87D4-4D18-B960-D739B0D20F8C}.Release|Any CPU.Build.0 = Release|Any CPU
	EndGlobalSection
	GlobalSection(SolutionProperties) = preSolution
		HideSolutionNode = FALSE
	EndGlobalSection
	GlobalSection(ExtensibilityGlobals) = postSolution
		SolutionGuid = {61DAFC11-1A2B-48C6-B0AB-4F9C35C5B4FB}
	EndGlobalSection
EndGlobal
